{
  "name": "json-sp",
  "version": "1.0.0",
  "lockfileVersion": 2,
  "requires": true,
  "packages": {
    "": {
      "name": "json-sp",
      "version": "1.0.0",
      "license": "MIT",
      "dependencies": {
        "yaclc": "^1.0.0"
      },
      "bin": {
        "jsp2": "cli.js"
      }
    },
    "node_modules/yaclc": {
      "version": "1.0.0",
      "resolved": "https://registry.npmjs.org/yaclc/-/yaclc-1.0.0.tgz",
      "integrity": "sha512-2s3nHnvDTm4FecJ/0HiofwuCABTYfWHx3Ljeia4geBbgCz+R5D/MlXTmcaGbY91iOd0mH09BGWPcvRMWLRFAHQ==",
      "engines": {
        "node": ">=16"
      }
    }
  },
  "dependencies": {
    "yaclc": {
      "version": "1.0.0",
      "resolved": "https://registry.npmjs.org/yaclc/-/yaclc-1.0.0.tgz",
      "integrity": "sha512-2s3nHnvDTm4FecJ/0HiofwuCABTYfWHx3Ljeia4geBbgCz+R5D/MlXTmcaGbY91iOd0mH09BGWPcvRMWLRFAHQ=="
    }
  }
}
